{
  "name": "proxy",
  "lockfileVersion": 2,
  "requires": true,
  "packages": {
    "": {
      "dependencies": {
        "failover-proxy": "^0.2.0"
      }
    },
    "node_modules/failover-proxy": {
      "version": "0.2.0",
      "resolved": "https://registry.npmjs.org/failover-proxy/-/failover-proxy-0.2.0.tgz",
      "integrity": "sha1-EgaDXVFthChzcnSQyGk7z6F0/W4="
    }
  },
  "dependencies": {
    "failover-proxy": {
      "version": "0.2.0",
      "resolved": "https://registry.npmjs.org/failover-proxy/-/failover-proxy-0.2.0.tgz",
      "integrity": "sha1-EgaDXVFthChzcnSQyGk7z6F0/W4="
    }
  }
}
